{
  "name": "cta-tool-request",
  "version": "1.0.0",
  "lockfileVersion": 1,
  "requires": true,
  "dependencies": {
    "@thomsonreuters/eslint-config-cta": {
      "version": "git+ssh://git@git.sami.int.thomsonreuters.com:compass/eslint-config-cta.git#db5a126fed0efe5aa0e69833d19688b2888e2afb"
    },
    "eslint-config-cta": {
      "version": "1.0.1",
      "resolved": "https://registry.npmjs.org/eslint-config-cta/-/eslint-config-cta-1.0.1.tgz",
      "integrity": "sha512-IEn2piMgJuJu26vD+H4LLsu7PMCi3yO/Hr3kU4K2q3pvNinj9ShJUcKn4XxQK0hJHPChMeXGC7R4GvgARyxacA==",
      "dev": true
    }
  }
}
